{
  "requires": true,
  "lockfileVersion": 1,
  "dependencies": {
    "react-native-image-pan-zoom": {
      "version": "2.1.12",
      "resolved": "https://registry.npmjs.org/react-native-image-pan-zoom/-/react-native-image-pan-zoom-2.1.12.tgz",
      "integrity": "sha512-BF66XeP6dzuANsPmmFsJshM2Jyh/Mo1t8FsGc1L9Q9/sVP8MJULDabB1hms+eAoqgtyhMr5BuXV3E1hJ5U5H6Q=="
    },
    "react-native-image-zoom-viewer": {
      "version": "3.0.1",
      "resolved": "https://registry.npmjs.org/react-native-image-zoom-viewer/-/react-native-image-zoom-viewer-3.0.1.tgz",
      "integrity": "sha512-la6s5DNSuq4GCRLsi5CZ29FPjgTpdCuGIRdO5T9rUrAtxrlpBPhhSnHrbmPVxsdtOUvxHacTh2Gfa9+RraMZQA==",
      "requires": {
        "react-native-image-pan-zoom": "^2.1.12"
      }
    }
  }
}
